{
  "name": "skillkill",
  "version": "0.3.0",
  "lockfileVersion": 3,
  "requires": true,
  "packages": {
    "": {
      "name": "skillkill",
      "version": "0.3.0",
      "license": "MIT",
      "bin": {
        "skill-cleanup": "bin/skillkill.js",
        "skill-kill": "bin/skillkill.js",
        "skill-prune": "bin/skillkill.js",
        "skillkill": "bin/skillkill.js"
      }
    }
  }
}
